
Microsoft Visual Studio Solution File, Format Version 12.00
# Visual Studio Version 17
VisualStudioVersion = 17.8.34330.188
MinimumVisualStudioVersion = 10.0.40219.1
Project("{FAE04EC0-301F-11D3-BF4B-00C04F79EFBC}") = "text file reader", "text file reader.csproj", "{84148907-9E8D-4322-9716-F66CDF26016D}"
EndProject
Global
	GlobalSection(SolutionConfigurationPlatforms) = preSolution
		Debug|Any CPU = Debug|Any CPU
		Release|Any CPU = Release|Any CPU
	EndGlobalSection
	GlobalSection(ProjectConfigurationPlatforms) = postSolution
		{84148907-9E8D-4322-9716-F66CDF26016D}.Debug|Any CPU.ActiveCfg = Debug|Any CPU
		{84148907-9E8D-4322-9716-F66CDF26016D}.Debug|Any CPU.Build.0 = Debug|Any CPU
		{84148907-9E8D-4322-9716-F66CDF26016D}.Release|Any CPU.ActiveCfg = Release|Any CPU
		{84148907-9E8D-4322-9716-F66CDF26016D}.Release|Any CPU.Build.0 = Release|Any CPU
	EndGlobalSection
	GlobalSection(SolutionProperties) = preSolution
		HideSolutionNode = FALSE
	EndGlobalSection
	GlobalSection(ExtensibilityGlobals) = postSolution
		SolutionGuid = {798612C3-BF86-42C5-A2D5-7E9F876B1201}
	EndGlobalSection
EndGlobal
