
Microsoft Visual Studio Solution File, Format Version 12.00
# Visual Studio Version 17
VisualStudioVersion = 17.8.34330.188
MinimumVisualStudioVersion = 10.0.40219.1
Project("{FAE04EC0-301F-11D3-BF4B-00C04F79EFBC}") = "Del_test001", "Del_test001.csproj", "{EFEC9B4C-C600-4D16-94CF-A7169B81A7F8}"
EndProject
Global
	GlobalSection(SolutionConfigurationPlatforms) = preSolution
		Debug|Any CPU = Debug|Any CPU
		Release|Any CPU = Release|Any CPU
	EndGlobalSection
	GlobalSection(ProjectConfigurationPlatforms) = postSolution
		{EFEC9B4C-C600-4D16-94CF-A7169B81A7F8}.Debug|Any CPU.ActiveCfg = Debug|Any CPU
		{EFEC9B4C-C600-4D16-94CF-A7169B81A7F8}.Debug|Any CPU.Build.0 = Debug|Any CPU
		{EFEC9B4C-C600-4D16-94CF-A7169B81A7F8}.Release|Any CPU.ActiveCfg = Release|Any CPU
		{EFEC9B4C-C600-4D16-94CF-A7169B81A7F8}.Release|Any CPU.Build.0 = Release|Any CPU
	EndGlobalSection
	GlobalSection(SolutionProperties) = preSolution
		HideSolutionNode = FALSE
	EndGlobalSection
	GlobalSection(ExtensibilityGlobals) = postSolution
		SolutionGuid = {7086CBA7-E44A-45E1-BAC5-3E63447C7DD3}
	EndGlobalSection
EndGlobal
